
Microsoft Visual Studio Solution File, Format Version 12.00
Project("{FAE04EC0-301F-11D3-BF4B-00C04F79EFBC}") = "EF7First", "EF7First\EF7First.csproj", "{BBA4EFB3-B537-4B55-A9FC-6645AB481259}"
EndProject
Global
	GlobalSection(SolutionConfigurationPlatforms) = preSolution
		Debug|Any CPU = Debug|Any CPU
		Release|Any CPU = Release|Any CPU
	EndGlobalSection
	GlobalSection(ProjectConfigurationPlatforms) = postSolution
		{BBA4EFB3-B537-4B55-A9FC-6645AB481259}.Debug|Any CPU.ActiveCfg = Debug|Any CPU
		{BBA4EFB3-B537-4B55-A9FC-6645AB481259}.Debug|Any CPU.Build.0 = Debug|Any CPU
		{BBA4EFB3-B537-4B55-A9FC-6645AB481259}.Release|Any CPU.ActiveCfg = Release|Any CPU
		{BBA4EFB3-B537-4B55-A9FC-6645AB481259}.Release|Any CPU.Build.0 = Release|Any CPU
	EndGlobalSection
EndGlobal
